
Microsoft Visual Studio Solution File, Format Version 12.00
# Visual Studio Version 17
VisualStudioVersion = 17.3.32901.215
MinimumVisualStudioVersion = 10.0.40219.1
Project("{9A19103F-16F7-4668-BE54-9A1E7A4F7556}") = "Core", "Core\Core.csproj", "{A4E5E519-1B9F-4609-9C63-21E02C6D1867}"
EndProject
Project("{9A19103F-16F7-4668-BE54-9A1E7A4F7556}") = "DataAccess", "DataAccess\DataAccess.csproj", "{7DAC6C89-B477-437F-A5A0-1352740980B8}"
EndProject
Project("{9A19103F-16F7-4668-BE54-9A1E7A4F7556}") = "Api", "Api\Api.csproj", "{E5DD2A36-97A8-40B4-80ED-28A90D589DE0}"
EndProject
Project("{9A19103F-16F7-4668-BE54-9A1E7A4F7556}") = "Services", "Services\Services.csproj", "{DDD7079A-5FD9-4DA3-8422-9918D0B185F6}"
EndProject
Project("{2150E333-8FDC-42A3-9474-1A3956D46DE8}") = "test", "test", "{EF8ED6FC-829B-4DC4-B3B4-28E16C5257D5}"
EndProject
Project("{9A19103F-16F7-4668-BE54-9A1E7A4F7556}") = "UnitTest", "UnitTest\UnitTest.csproj", "{7AE669D6-8AD7-4A71-A921-99373B3B617A}"
EndProject
Project("{E53339B2-1760-4266-BCC7-CA923CBCF16C}") = "docker-compose", "docker-compose.dcproj", "{B0107EAD-1BFC-4A44-B552-1B98CF280DB4}"
EndProject
Global
	GlobalSection(SolutionConfigurationPlatforms) = preSolution
		Debug|Any CPU = Debug|Any CPU
		Release|Any CPU = Release|Any CPU
	EndGlobalSection
	GlobalSection(ProjectConfigurationPlatforms) = postSolution
		{A4E5E519-1B9F-4609-9C63-21E02C6D1867}.Debug|Any CPU.ActiveCfg = Debug|Any CPU
		{A4E5E519-1B9F-4609-9C63-21E02C6D1867}.Debug|Any CPU.Build.0 = Debug|Any CPU
		{A4E5E519-1B9F-4609-9C63-21E02C6D1867}.Release|Any CPU.ActiveCfg = Release|Any CPU
		{A4E5E519-1B9F-4609-9C63-21E02C6D1867}.Release|Any CPU.Build.0 = Release|Any CPU
		{7DAC6C89-B477-437F-A5A0-1352740980B8}.Debug|Any CPU.ActiveCfg = Debug|Any CPU
		{7DAC6C89-B477-437F-A5A0-1352740980B8}.Debug|Any CPU.Build.0 = Debug|Any CPU
		{7DAC6C89-B477-437F-A5A0-1352740980B8}.Release|Any CPU.ActiveCfg = Release|Any CPU
		{7DAC6C89-B477-437F-A5A0-1352740980B8}.Release|Any CPU.Build.0 = Release|Any CPU
		{E5DD2A36-97A8-40B4-80ED-28A90D589DE0}.Debug|Any CPU.ActiveCfg = Debug|Any CPU
		{E5DD2A36-97A8-40B4-80ED-28A90D589DE0}.Debug|Any CPU.Build.0 = Debug|Any CPU
		{E5DD2A36-97A8-40B4-80ED-28A90D589DE0}.Release|Any CPU.ActiveCfg = Release|Any CPU
		{E5DD2A36-97A8-40B4-80ED-28A90D589DE0}.Release|Any CPU.Build.0 = Release|Any CPU
		{DDD7079A-5FD9-4DA3-8422-9918D0B185F6}.Debug|Any CPU.ActiveCfg = Debug|Any CPU
		{DDD7079A-5FD9-4DA3-8422-9918D0B185F6}.Debug|Any CPU.Build.0 = Debug|Any CPU
		{DDD7079A-5FD9-4DA3-8422-9918D0B185F6}.Release|Any CPU.ActiveCfg = Release|Any CPU
		{DDD7079A-5FD9-4DA3-8422-9918D0B185F6}.Release|Any CPU.Build.0 = Release|Any CPU
		{7AE669D6-8AD7-4A71-A921-99373B3B617A}.Debug|Any CPU.ActiveCfg = Debug|Any CPU
		{7AE669D6-8AD7-4A71-A921-99373B3B617A}.Debug|Any CPU.Build.0 = Debug|Any CPU
		{7AE669D6-8AD7-4A71-A921-99373B3B617A}.Release|Any CPU.ActiveCfg = Release|Any CPU
		{7AE669D6-8AD7-4A71-A921-99373B3B617A}.Release|Any CPU.Build.0 = Release|Any CPU
		{B0107EAD-1BFC-4A44-B552-1B98CF280DB4}.Debug|Any CPU.ActiveCfg = Debug|Any CPU
		{B0107EAD-1BFC-4A44-B552-1B98CF280DB4}.Debug|Any CPU.Build.0 = Debug|Any CPU
		{B0107EAD-1BFC-4A44-B552-1B98CF280DB4}.Release|Any CPU.ActiveCfg = Release|Any CPU
		{B0107EAD-1BFC-4A44-B552-1B98CF280DB4}.Release|Any CPU.Build.0 = Release|Any CPU
	EndGlobalSection
	GlobalSection(SolutionProperties) = preSolution
		HideSolutionNode = FALSE
	EndGlobalSection
	GlobalSection(NestedProjects) = preSolution
		{7AE669D6-8AD7-4A71-A921-99373B3B617A} = {EF8ED6FC-829B-4DC4-B3B4-28E16C5257D5}
	EndGlobalSection
	GlobalSection(ExtensibilityGlobals) = postSolution
		SolutionGuid = {69445AC1-19C6-4053-89B3-0F11348AAFD0}
	EndGlobalSection
EndGlobal
